
Microsoft Visual Studio Solution File, Format Version 12.00
# Visual Studio 15
VisualStudioVersion = 15.0.28307.572
MinimumVisualStudioVersion = 10.0.40219.1
Project("{FAE04EC0-301F-11D3-BF4B-00C04F79EFBC}") = "FizzBuzz", "FizzBuzz\FizzBuzz.csproj", "{BC0BD2E7-F729-46A8-A7D8-0ABFB8C4A8BF}"
EndProject
Global
	GlobalSection(SolutionConfigurationPlatforms) = preSolution
		Debug|Any CPU = Debug|Any CPU
		Release|Any CPU = Release|Any CPU
	EndGlobalSection
	GlobalSection(ProjectConfigurationPlatforms) = postSolution
		{BC0BD2E7-F729-46A8-A7D8-0ABFB8C4A8BF}.Debug|Any CPU.ActiveCfg = Debug|Any CPU
		{BC0BD2E7-F729-46A8-A7D8-0ABFB8C4A8BF}.Debug|Any CPU.Build.0 = Debug|Any CPU
		{BC0BD2E7-F729-46A8-A7D8-0ABFB8C4A8BF}.Release|Any CPU.ActiveCfg = Release|Any CPU
		{BC0BD2E7-F729-46A8-A7D8-0ABFB8C4A8BF}.Release|Any CPU.Build.0 = Release|Any CPU
	EndGlobalSection
	GlobalSection(SolutionProperties) = preSolution
		HideSolutionNode = FALSE
	EndGlobalSection
	GlobalSection(ExtensibilityGlobals) = postSolution
		SolutionGuid = {76C86DB3-CB64-4CE2-A13E-9A507075720D}
	EndGlobalSection
EndGlobal
